
Microsoft Visual Studio Solution File, Format Version 12.00
# Visual Studio Version 16
VisualStudioVersion = 16.0.31005.135
MinimumVisualStudioVersion = 10.0.40219.1
Project("{FAE04EC0-301F-11D3-BF4B-00C04F79EFBC}") = "Application", "Application\Application.csproj", "{8BA9FC21-A5F0-475D-AD38-07967A8BF9EB}"
EndProject
Global
	GlobalSection(SolutionConfigurationPlatforms) = preSolution
		Debug|Any CPU = Debug|Any CPU
		Release|Any CPU = Release|Any CPU
	EndGlobalSection
	GlobalSection(ProjectConfigurationPlatforms) = postSolution
		{8BA9FC21-A5F0-475D-AD38-07967A8BF9EB}.Debug|Any CPU.ActiveCfg = Debug|Any CPU
		{8BA9FC21-A5F0-475D-AD38-07967A8BF9EB}.Debug|Any CPU.Build.0 = Debug|Any CPU
		{8BA9FC21-A5F0-475D-AD38-07967A8BF9EB}.Release|Any CPU.ActiveCfg = Release|Any CPU
		{8BA9FC21-A5F0-475D-AD38-07967A8BF9EB}.Release|Any CPU.Build.0 = Release|Any CPU
	EndGlobalSection
	GlobalSection(SolutionProperties) = preSolution
		HideSolutionNode = FALSE
	EndGlobalSection
	GlobalSection(ExtensibilityGlobals) = postSolution
		SolutionGuid = {7DE7FF8F-8A2B-475F-8029-28042CCA1486}
	EndGlobalSection
EndGlobal
